
Microsoft Visual Studio Solution File, Format Version 12.00
# Visual Studio Version 16
VisualStudioVersion = 16.0.30717.126
MinimumVisualStudioVersion = 10.0.40219.1
Project("{FAE04EC0-301F-11D3-BF4B-00C04F79EFBC}") = "Lecture test", "Lecture test.csproj", "{7BAAF2CA-05C6-4F29-891F-64E1E988FA08}"
EndProject
Global
	GlobalSection(SolutionConfigurationPlatforms) = preSolution
		Debug|Any CPU = Debug|Any CPU
		Release|Any CPU = Release|Any CPU
	EndGlobalSection
	GlobalSection(ProjectConfigurationPlatforms) = postSolution
		{7BAAF2CA-05C6-4F29-891F-64E1E988FA08}.Debug|Any CPU.ActiveCfg = Debug|Any CPU
		{7BAAF2CA-05C6-4F29-891F-64E1E988FA08}.Debug|Any CPU.Build.0 = Debug|Any CPU
		{7BAAF2CA-05C6-4F29-891F-64E1E988FA08}.Release|Any CPU.ActiveCfg = Release|Any CPU
		{7BAAF2CA-05C6-4F29-891F-64E1E988FA08}.Release|Any CPU.Build.0 = Release|Any CPU
	EndGlobalSection
	GlobalSection(SolutionProperties) = preSolution
		HideSolutionNode = FALSE
	EndGlobalSection
	GlobalSection(ExtensibilityGlobals) = postSolution
		SolutionGuid = {872E5954-6EB8-4573-AC50-CB3E827840DA}
	EndGlobalSection
EndGlobal
